
Microsoft Visual Studio Solution File, Format Version 12.00
# Visual Studio 2013
VisualStudioVersion = 12.0.21005.1
MinimumVisualStudioVersion = 10.0.40219.1
Project("{FAE04EC0-301F-11D3-BF4B-00C04F79EFBC}") = "pdp-webui", "pdp-webui\pdp-webui.csproj", "{4464E7B2-FC1C-4558-9119-3B79C94D7F14}"
EndProject
Global
	GlobalSection(SolutionConfigurationPlatforms) = preSolution
		Debug|Any CPU = Debug|Any CPU
		Release|Any CPU = Release|Any CPU
	EndGlobalSection
	GlobalSection(ProjectConfigurationPlatforms) = postSolution
		{4464E7B2-FC1C-4558-9119-3B79C94D7F14}.Debug|Any CPU.ActiveCfg = Debug|Any CPU
		{4464E7B2-FC1C-4558-9119-3B79C94D7F14}.Debug|Any CPU.Build.0 = Debug|Any CPU
		{4464E7B2-FC1C-4558-9119-3B79C94D7F14}.Release|Any CPU.ActiveCfg = Release|Any CPU
		{4464E7B2-FC1C-4558-9119-3B79C94D7F14}.Release|Any CPU.Build.0 = Release|Any CPU
	EndGlobalSection
	GlobalSection(SolutionProperties) = preSolution
		HideSolutionNode = FALSE
	EndGlobalSection
EndGlobal
